
Microsoft Visual Studio Solution File, Format Version 12.00
# Visual Studio Version 16
VisualStudioVersion = 16.0.29001.49
MinimumVisualStudioVersion = 15.0.26124.0
Project("{9A19103F-16F7-4668-BE54-9A1E7A4F7556}") = "AutoMapper.Extensions.ExpressionMapping", "src\AutoMapper.Extensions.ExpressionMapping\AutoMapper.Extensions.ExpressionMapping.csproj", "{24DF305C-EE59-460A-BA97-4B7CD5505434}"
EndProject
Project("{9A19103F-16F7-4668-BE54-9A1E7A4F7556}") = "AutoMapper.Extensions.ExpressionMapping.UnitTests", "tests\AutoMapper.Extensions.ExpressionMapping.UnitTests\AutoMapper.Extensions.ExpressionMapping.UnitTests.csproj", "{31D058FF-FD83-4DB3-9C32-1D3599687A8E}"
EndProject
Project("{2150E333-8FDC-42A3-9474-1A3956D46DE8}") = "Solution Items", "Solution Items", "{792DF9DF-A7ED-449E-B358-57953FC62B1D}"
	ProjectSection(SolutionItems) = preProject
		.gitattributes = .gitattributes
		.gitignore = .gitignore
		.github\workflows\ci.yml = .github\workflows\ci.yml
		Directory.Build.props = Directory.Build.props
		LICENSE = LICENSE
		Pack_Push.ps1 = Pack_Push.ps1
		README.md = README.md
		.github\workflows\release.yml = .github\workflows\release.yml
	EndProjectSection
EndProject
Global
	GlobalSection(SolutionConfigurationPlatforms) = preSolution
		Debug|Any CPU = Debug|Any CPU
		Debug|x64 = Debug|x64
		Debug|x86 = Debug|x86
		Release|Any CPU = Release|Any CPU
		Release|x64 = Release|x64
		Release|x86 = Release|x86
	EndGlobalSection
	GlobalSection(ProjectConfigurationPlatforms) = postSolution
		{24DF305C-EE59-460A-BA97-4B7CD5505434}.Debug|Any CPU.ActiveCfg = Debug|Any CPU
		{24DF305C-EE59-460A-BA97-4B7CD5505434}.Debug|Any CPU.Build.0 = Debug|Any CPU
		{24DF305C-EE59-460A-BA97-4B7CD5505434}.Debug|x64.ActiveCfg = Debug|Any CPU
		{24DF305C-EE59-460A-BA97-4B7CD5505434}.Debug|x64.Build.0 = Debug|Any CPU
		{24DF305C-EE59-460A-BA97-4B7CD5505434}.Debug|x86.ActiveCfg = Debug|Any CPU
		{24DF305C-EE59-460A-BA97-4B7CD5505434}.Debug|x86.Build.0 = Debug|Any CPU
		{24DF305C-EE59-460A-BA97-4B7CD5505434}.Release|Any CPU.ActiveCfg = Release|Any CPU
		{24DF305C-EE59-460A-BA97-4B7CD5505434}.Release|Any CPU.Build.0 = Release|Any CPU
		{24DF305C-EE59-460A-BA97-4B7CD5505434}.Release|x64.ActiveCfg = Release|Any CPU
		{24DF305C-EE59-460A-BA97-4B7CD5505434}.Release|x64.Build.0 = Release|Any CPU
		{24DF305C-EE59-460A-BA97-4B7CD5505434}.Release|x86.ActiveCfg = Release|Any CPU
		{24DF305C-EE59-460A-BA97-4B7CD5505434}.Release|x86.Build.0 = Release|Any CPU
		{31D058FF-FD83-4DB3-9C32-1D3599687A8E}.Debug|Any CPU.ActiveCfg = Debug|Any CPU
		{31D058FF-FD83-4DB3-9C32-1D3599687A8E}.Debug|Any CPU.Build.0 = Debug|Any CPU
		{31D058FF-FD83-4DB3-9C32-1D3599687A8E}.Debug|x64.ActiveCfg = Debug|Any CPU
		{31D058FF-FD83-4DB3-9C32-1D3599687A8E}.Debug|x64.Build.0 = Debug|Any CPU
		{31D058FF-FD83-4DB3-9C32-1D3599687A8E}.Debug|x86.ActiveCfg = Debug|Any CPU
		{31D058FF-FD83-4DB3-9C32-1D3599687A8E}.Debug|x86.Build.0 = Debug|Any CPU
		{31D058FF-FD83-4DB3-9C32-1D3599687A8E}.Release|Any CPU.ActiveCfg = Release|Any CPU
		{31D058FF-FD83-4DB3-9C32-1D3599687A8E}.Release|Any CPU.Build.0 = Release|Any CPU
		{31D058FF-FD83-4DB3-9C32-1D3599687A8E}.Release|x64.ActiveCfg = Release|Any CPU
		{31D058FF-FD83-4DB3-9C32-1D3599687A8E}.Release|x64.Build.0 = Release|Any CPU
		{31D058FF-FD83-4DB3-9C32-1D3599687A8E}.Release|x86.ActiveCfg = Release|Any CPU
		{31D058FF-FD83-4DB3-9C32-1D3599687A8E}.Release|x86.Build.0 = Release|Any CPU
	EndGlobalSection
	GlobalSection(SolutionProperties) = preSolution
		HideSolutionNode = FALSE
	EndGlobalSection
	GlobalSection(ExtensibilityGlobals) = postSolution
		SolutionGuid = {7464B224-B1DB-4F63-89AE-34DDBF794E15}
	EndGlobalSection
EndGlobal
